
Microsoft Visual Studio Solution File, Format Version 12.00
# Visual Studio 15
VisualStudioVersion = 15.0.26228.4
MinimumVisualStudioVersion = 10.0.40219.1
Project("{FAE04EC0-301F-11D3-BF4B-00C04F79EFBC}") = "JobSchedulerAgent", "JobSchedulerAgent\JobSchedulerAgent.csproj", "{411D16B9-17D1-43E0-AC56-288AFBFD95CB}"
EndProject
Global
	GlobalSection(SolutionConfigurationPlatforms) = preSolution
		Debug|Any CPU = Debug|Any CPU
		Release|Any CPU = Release|Any CPU
	EndGlobalSection
	GlobalSection(ProjectConfigurationPlatforms) = postSolution
		{411D16B9-17D1-43E0-AC56-288AFBFD95CB}.Debug|Any CPU.ActiveCfg = Debug|Any CPU
		{411D16B9-17D1-43E0-AC56-288AFBFD95CB}.Debug|Any CPU.Build.0 = Debug|Any CPU
		{411D16B9-17D1-43E0-AC56-288AFBFD95CB}.Release|Any CPU.ActiveCfg = Release|Any CPU
		{411D16B9-17D1-43E0-AC56-288AFBFD95CB}.Release|Any CPU.Build.0 = Release|Any CPU
	EndGlobalSection
	GlobalSection(SolutionProperties) = preSolution
		HideSolutionNode = FALSE
	EndGlobalSection
	GlobalSection(TeamFoundationVersionControl) = preSolution
		SccNumberOfProjects = 2
		SccEnterpriseProvider = {4CA58AB2-18FA-4F8D-95D4-32DDF27D184C}
		SccTeamFoundationServer = http://tfs2015:8080/tfs/defaultcollection
		SccLocalPath0 = .
		SccProjectUniqueName1 = JobSchedulerAgent\\JobSchedulerAgent.csproj
		SccProjectName1 = JobSchedulerAgent
		SccLocalPath1 = JobSchedulerAgent
	EndGlobalSection
EndGlobal
